
Microsoft Visual Studio Solution File, Format Version 12.00
# Visual Studio Version 16
VisualStudioVersion = 16.0.31105.61
MinimumVisualStudioVersion = 15.0.26124.0
Project("{2150E333-8FDC-42A3-9474-1A3956D46DE8}") = "src", "src", "{8E1A4998-1B0B-43CB-A63F-D6EE8884B480}"
EndProject
Project("{9A19103F-16F7-4668-BE54-9A1E7A4F7556}") = "Application", "src\Application\Application.csproj", "{9E63BCF9-3236-420B-AEE8-D4D6090C6E3A}"
EndProject
Project("{9A19103F-16F7-4668-BE54-9A1E7A4F7556}") = "Domain", "src\Domain\Domain.csproj", "{809CD7A0-344D-4FFE-A33C-7776E9867CD0}"
EndProject
Project("{9A19103F-16F7-4668-BE54-9A1E7A4F7556}") = "ImageAPI", "src\ImageAPI\ImageAPI.csproj", "{1C1EDA79-05D9-4C1C-870D-7D7EA0DC901C}"
EndProject
Project("{9A19103F-16F7-4668-BE54-9A1E7A4F7556}") = "Infrastructure", "src\Infrastructure\Infrastructure.csproj", "{C8E22DF4-9449-4737-81D9-BB2AFED42396}"
EndProject
Project("{2150E333-8FDC-42A3-9474-1A3956D46DE8}") = "tests", "tests", "{0F7592BD-9CB0-4DDA-8AAE-514AFD11F25C}"
EndProject
Project("{9A19103F-16F7-4668-BE54-9A1E7A4F7556}") = "Application.UnitTests", "tests\Application.UnitTests\Application.UnitTests.csproj", "{3B6BD6B8-2555-4CB5-89E1-03FC06E77E65}"
EndProject
Project("{9A19103F-16F7-4668-BE54-9A1E7A4F7556}") = "Domain.UnitTests", "tests\Domain.UnitTests\Domain.UnitTests.csproj", "{9EAAAE7A-A26F-49E3-8FAC-D0CD5B9F516E}"
EndProject
Project("{9A19103F-16F7-4668-BE54-9A1E7A4F7556}") = "Application.IntegrationTest", "tests\Application.IntegrationTest\Application.IntegrationTest.csproj", "{C0A9E70F-CF04-4361-A97D-634F42433CD6}"
EndProject
Project("{9A19103F-16F7-4668-BE54-9A1E7A4F7556}") = "Contracts", "src\Contracts\Contracts.csproj", "{353955A2-CF72-40D2-AEFA-3141D4757E74}"
EndProject
Global
	GlobalSection(SolutionConfigurationPlatforms) = preSolution
		Debug|Any CPU = Debug|Any CPU
		Debug|x64 = Debug|x64
		Debug|x86 = Debug|x86
		Release|Any CPU = Release|Any CPU
		Release|x64 = Release|x64
		Release|x86 = Release|x86
	EndGlobalSection
	GlobalSection(ProjectConfigurationPlatforms) = postSolution
		{9E63BCF9-3236-420B-AEE8-D4D6090C6E3A}.Debug|Any CPU.ActiveCfg = Debug|Any CPU
		{9E63BCF9-3236-420B-AEE8-D4D6090C6E3A}.Debug|Any CPU.Build.0 = Debug|Any CPU
		{9E63BCF9-3236-420B-AEE8-D4D6090C6E3A}.Debug|x64.ActiveCfg = Debug|Any CPU
		{9E63BCF9-3236-420B-AEE8-D4D6090C6E3A}.Debug|x64.Build.0 = Debug|Any CPU
		{9E63BCF9-3236-420B-AEE8-D4D6090C6E3A}.Debug|x86.ActiveCfg = Debug|Any CPU
		{9E63BCF9-3236-420B-AEE8-D4D6090C6E3A}.Debug|x86.Build.0 = Debug|Any CPU
		{9E63BCF9-3236-420B-AEE8-D4D6090C6E3A}.Release|Any CPU.ActiveCfg = Release|Any CPU
		{9E63BCF9-3236-420B-AEE8-D4D6090C6E3A}.Release|Any CPU.Build.0 = Release|Any CPU
		{9E63BCF9-3236-420B-AEE8-D4D6090C6E3A}.Release|x64.ActiveCfg = Release|Any CPU
		{9E63BCF9-3236-420B-AEE8-D4D6090C6E3A}.Release|x64.Build.0 = Release|Any CPU
		{9E63BCF9-3236-420B-AEE8-D4D6090C6E3A}.Release|x86.ActiveCfg = Release|Any CPU
		{9E63BCF9-3236-420B-AEE8-D4D6090C6E3A}.Release|x86.Build.0 = Release|Any CPU
		{809CD7A0-344D-4FFE-A33C-7776E9867CD0}.Debug|Any CPU.ActiveCfg = Debug|Any CPU
		{809CD7A0-344D-4FFE-A33C-7776E9867CD0}.Debug|Any CPU.Build.0 = Debug|Any CPU
		{809CD7A0-344D-4FFE-A33C-7776E9867CD0}.Debug|x64.ActiveCfg = Debug|Any CPU
		{809CD7A0-344D-4FFE-A33C-7776E9867CD0}.Debug|x64.Build.0 = Debug|Any CPU
		{809CD7A0-344D-4FFE-A33C-7776E9867CD0}.Debug|x86.ActiveCfg = Debug|Any CPU
		{809CD7A0-344D-4FFE-A33C-7776E9867CD0}.Debug|x86.Build.0 = Debug|Any CPU
		{809CD7A0-344D-4FFE-A33C-7776E9867CD0}.Release|Any CPU.ActiveCfg = Release|Any CPU
		{809CD7A0-344D-4FFE-A33C-7776E9867CD0}.Release|Any CPU.Build.0 = Release|Any CPU
		{809CD7A0-344D-4FFE-A33C-7776E9867CD0}.Release|x64.ActiveCfg = Release|Any CPU
		{809CD7A0-344D-4FFE-A33C-7776E9867CD0}.Release|x64.Build.0 = Release|Any CPU
		{809CD7A0-344D-4FFE-A33C-7776E9867CD0}.Release|x86.ActiveCfg = Release|Any CPU
		{809CD7A0-344D-4FFE-A33C-7776E9867CD0}.Release|x86.Build.0 = Release|Any CPU
		{1C1EDA79-05D9-4C1C-870D-7D7EA0DC901C}.Debug|Any CPU.ActiveCfg = Debug|Any CPU
		{1C1EDA79-05D9-4C1C-870D-7D7EA0DC901C}.Debug|Any CPU.Build.0 = Debug|Any CPU
		{1C1EDA79-05D9-4C1C-870D-7D7EA0DC901C}.Debug|x64.ActiveCfg = Debug|Any CPU
		{1C1EDA79-05D9-4C1C-870D-7D7EA0DC901C}.Debug|x64.Build.0 = Debug|Any CPU
		{1C1EDA79-05D9-4C1C-870D-7D7EA0DC901C}.Debug|x86.ActiveCfg = Debug|Any CPU
		{1C1EDA79-05D9-4C1C-870D-7D7EA0DC901C}.Debug|x86.Build.0 = Debug|Any CPU
		{1C1EDA79-05D9-4C1C-870D-7D7EA0DC901C}.Release|Any CPU.ActiveCfg = Release|Any CPU
		{1C1EDA79-05D9-4C1C-870D-7D7EA0DC901C}.Release|Any CPU.Build.0 = Release|Any CPU
		{1C1EDA79-05D9-4C1C-870D-7D7EA0DC901C}.Release|x64.ActiveCfg = Release|Any CPU
		{1C1EDA79-05D9-4C1C-870D-7D7EA0DC901C}.Release|x64.Build.0 = Release|Any CPU
		{1C1EDA79-05D9-4C1C-870D-7D7EA0DC901C}.Release|x86.ActiveCfg = Release|Any CPU
		{1C1EDA79-05D9-4C1C-870D-7D7EA0DC901C}.Release|x86.Build.0 = Release|Any CPU
		{C8E22DF4-9449-4737-81D9-BB2AFED42396}.Debug|Any CPU.ActiveCfg = Debug|Any CPU
		{C8E22DF4-9449-4737-81D9-BB2AFED42396}.Debug|Any CPU.Build.0 = Debug|Any CPU
		{C8E22DF4-9449-4737-81D9-BB2AFED42396}.Debug|x64.ActiveCfg = Debug|Any CPU
		{C8E22DF4-9449-4737-81D9-BB2AFED42396}.Debug|x64.Build.0 = Debug|Any CPU
		{C8E22DF4-9449-4737-81D9-BB2AFED42396}.Debug|x86.ActiveCfg = Debug|Any CPU
		{C8E22DF4-9449-4737-81D9-BB2AFED42396}.Debug|x86.Build.0 = Debug|Any CPU
		{C8E22DF4-9449-4737-81D9-BB2AFED42396}.Release|Any CPU.ActiveCfg = Release|Any CPU
		{C8E22DF4-9449-4737-81D9-BB2AFED42396}.Release|Any CPU.Build.0 = Release|Any CPU
		{C8E22DF4-9449-4737-81D9-BB2AFED42396}.Release|x64.ActiveCfg = Release|Any CPU
		{C8E22DF4-9449-4737-81D9-BB2AFED42396}.Release|x64.Build.0 = Release|Any CPU
		{C8E22DF4-9449-4737-81D9-BB2AFED42396}.Release|x86.ActiveCfg = Release|Any CPU
		{C8E22DF4-9449-4737-81D9-BB2AFED42396}.Release|x86.Build.0 = Release|Any CPU
		{3B6BD6B8-2555-4CB5-89E1-03FC06E77E65}.Debug|Any CPU.ActiveCfg = Debug|Any CPU
		{3B6BD6B8-2555-4CB5-89E1-03FC06E77E65}.Debug|Any CPU.Build.0 = Debug|Any CPU
		{3B6BD6B8-2555-4CB5-89E1-03FC06E77E65}.Debug|x64.ActiveCfg = Debug|Any CPU
		{3B6BD6B8-2555-4CB5-89E1-03FC06E77E65}.Debug|x64.Build.0 = Debug|Any CPU
		{3B6BD6B8-2555-4CB5-89E1-03FC06E77E65}.Debug|x86.ActiveCfg = Debug|Any CPU
		{3B6BD6B8-2555-4CB5-89E1-03FC06E77E65}.Debug|x86.Build.0 = Debug|Any CPU
		{3B6BD6B8-2555-4CB5-89E1-03FC06E77E65}.Release|Any CPU.ActiveCfg = Release|Any CPU
		{3B6BD6B8-2555-4CB5-89E1-03FC06E77E65}.Release|Any CPU.Build.0 = Release|Any CPU
		{3B6BD6B8-2555-4CB5-89E1-03FC06E77E65}.Release|x64.ActiveCfg = Release|Any CPU
		{3B6BD6B8-2555-4CB5-89E1-03FC06E77E65}.Release|x64.Build.0 = Release|Any CPU
		{3B6BD6B8-2555-4CB5-89E1-03FC06E77E65}.Release|x86.ActiveCfg = Release|Any CPU
		{3B6BD6B8-2555-4CB5-89E1-03FC06E77E65}.Release|x86.Build.0 = Release|Any CPU
		{9EAAAE7A-A26F-49E3-8FAC-D0CD5B9F516E}.Debug|Any CPU.ActiveCfg = Debug|Any CPU
		{9EAAAE7A-A26F-49E3-8FAC-D0CD5B9F516E}.Debug|Any CPU.Build.0 = Debug|Any CPU
		{9EAAAE7A-A26F-49E3-8FAC-D0CD5B9F516E}.Debug|x64.ActiveCfg = Debug|Any CPU
		{9EAAAE7A-A26F-49E3-8FAC-D0CD5B9F516E}.Debug|x64.Build.0 = Debug|Any CPU
		{9EAAAE7A-A26F-49E3-8FAC-D0CD5B9F516E}.Debug|x86.ActiveCfg = Debug|Any CPU
		{9EAAAE7A-A26F-49E3-8FAC-D0CD5B9F516E}.Debug|x86.Build.0 = Debug|Any CPU
		{9EAAAE7A-A26F-49E3-8FAC-D0CD5B9F516E}.Release|Any CPU.ActiveCfg = Release|Any CPU
		{9EAAAE7A-A26F-49E3-8FAC-D0CD5B9F516E}.Release|Any CPU.Build.0 = Release|Any CPU
		{9EAAAE7A-A26F-49E3-8FAC-D0CD5B9F516E}.Release|x64.ActiveCfg = Release|Any CPU
		{9EAAAE7A-A26F-49E3-8FAC-D0CD5B9F516E}.Release|x64.Build.0 = Release|Any CPU
		{9EAAAE7A-A26F-49E3-8FAC-D0CD5B9F516E}.Release|x86.ActiveCfg = Release|Any CPU
		{9EAAAE7A-A26F-49E3-8FAC-D0CD5B9F516E}.Release|x86.Build.0 = Release|Any CPU
		{C0A9E70F-CF04-4361-A97D-634F42433CD6}.Debug|Any CPU.ActiveCfg = Debug|Any CPU
		{C0A9E70F-CF04-4361-A97D-634F42433CD6}.Debug|Any CPU.Build.0 = Debug|Any CPU
		{C0A9E70F-CF04-4361-A97D-634F42433CD6}.Debug|x64.ActiveCfg = Debug|Any CPU
		{C0A9E70F-CF04-4361-A97D-634F42433CD6}.Debug|x64.Build.0 = Debug|Any CPU
		{C0A9E70F-CF04-4361-A97D-634F42433CD6}.Debug|x86.ActiveCfg = Debug|Any CPU
		{C0A9E70F-CF04-4361-A97D-634F42433CD6}.Debug|x86.Build.0 = Debug|Any CPU
		{C0A9E70F-CF04-4361-A97D-634F42433CD6}.Release|Any CPU.ActiveCfg = Release|Any CPU
		{C0A9E70F-CF04-4361-A97D-634F42433CD6}.Release|Any CPU.Build.0 = Release|Any CPU
		{C0A9E70F-CF04-4361-A97D-634F42433CD6}.Release|x64.ActiveCfg = Release|Any CPU
		{C0A9E70F-CF04-4361-A97D-634F42433CD6}.Release|x64.Build.0 = Release|Any CPU
		{C0A9E70F-CF04-4361-A97D-634F42433CD6}.Release|x86.ActiveCfg = Release|Any CPU
		{C0A9E70F-CF04-4361-A97D-634F42433CD6}.Release|x86.Build.0 = Release|Any CPU
		{353955A2-CF72-40D2-AEFA-3141D4757E74}.Debug|Any CPU.ActiveCfg = Debug|Any CPU
		{353955A2-CF72-40D2-AEFA-3141D4757E74}.Debug|Any CPU.Build.0 = Debug|Any CPU
		{353955A2-CF72-40D2-AEFA-3141D4757E74}.Debug|x64.ActiveCfg = Debug|Any CPU
		{353955A2-CF72-40D2-AEFA-3141D4757E74}.Debug|x64.Build.0 = Debug|Any CPU
		{353955A2-CF72-40D2-AEFA-3141D4757E74}.Debug|x86.ActiveCfg = Debug|Any CPU
		{353955A2-CF72-40D2-AEFA-3141D4757E74}.Debug|x86.Build.0 = Debug|Any CPU
		{353955A2-CF72-40D2-AEFA-3141D4757E74}.Release|Any CPU.ActiveCfg = Release|Any CPU
		{353955A2-CF72-40D2-AEFA-3141D4757E74}.Release|Any CPU.Build.0 = Release|Any CPU
		{353955A2-CF72-40D2-AEFA-3141D4757E74}.Release|x64.ActiveCfg = Release|Any CPU
		{353955A2-CF72-40D2-AEFA-3141D4757E74}.Release|x64.Build.0 = Release|Any CPU
		{353955A2-CF72-40D2-AEFA-3141D4757E74}.Release|x86.ActiveCfg = Release|Any CPU
		{353955A2-CF72-40D2-AEFA-3141D4757E74}.Release|x86.Build.0 = Release|Any CPU
	EndGlobalSection
	GlobalSection(SolutionProperties) = preSolution
		HideSolutionNode = FALSE
	EndGlobalSection
	GlobalSection(NestedProjects) = preSolution
		{9E63BCF9-3236-420B-AEE8-D4D6090C6E3A} = {8E1A4998-1B0B-43CB-A63F-D6EE8884B480}
		{809CD7A0-344D-4FFE-A33C-7776E9867CD0} = {8E1A4998-1B0B-43CB-A63F-D6EE8884B480}
		{1C1EDA79-05D9-4C1C-870D-7D7EA0DC901C} = {8E1A4998-1B0B-43CB-A63F-D6EE8884B480}
		{C8E22DF4-9449-4737-81D9-BB2AFED42396} = {8E1A4998-1B0B-43CB-A63F-D6EE8884B480}
		{3B6BD6B8-2555-4CB5-89E1-03FC06E77E65} = {0F7592BD-9CB0-4DDA-8AAE-514AFD11F25C}
		{9EAAAE7A-A26F-49E3-8FAC-D0CD5B9F516E} = {0F7592BD-9CB0-4DDA-8AAE-514AFD11F25C}
		{C0A9E70F-CF04-4361-A97D-634F42433CD6} = {0F7592BD-9CB0-4DDA-8AAE-514AFD11F25C}
		{353955A2-CF72-40D2-AEFA-3141D4757E74} = {8E1A4998-1B0B-43CB-A63F-D6EE8884B480}
	EndGlobalSection
	GlobalSection(ExtensibilityGlobals) = postSolution
		SolutionGuid = {EEB4ECC0-F202-452D-970B-A51BF380BE9F}
	EndGlobalSection
EndGlobal
